{
  "name": "goldtime",
  "requires": true,
  "lockfileVersion": 1,
  "dependencies": {
    "micromodal": {
      "version": "0.3.2",
      "resolved": "https://registry.npmjs.org/micromodal/-/micromodal-0.3.2.tgz",
      "integrity": "sha512-xRON1OqD9G8FfI1qShYTtJZaN77x03QR2UnkpL7H17877lATNJoV8XHR+nrnc2FqgXqjFdaYJYidbfISecMlNQ=="
    },
    "tether": {
      "version": "1.4.5",
      "resolved": "https://registry.npmjs.org/tether/-/tether-1.4.5.tgz",
      "integrity": "sha512-fysT1Gug2wbRi7a6waeu39yVDwiNtvwj5m9eRD+qZDSHKNghLo6KqP/U3yM2ap6TNUL2skjXGJaJJTJqoC31vw=="
    },
    "tether-drop": {
      "version": "1.4.2",
      "resolved": "http://registry.npmjs.org/tether-drop/-/tether-drop-1.4.2.tgz",
      "integrity": "sha1-KOJAzOB39K4djlmQoDtx4M1vv+w=",
      "requires": {
        "tether": "^1.1.0"
      }
    }
  }
}
